{
  "version": "5",
  "specifiers": {
    "npm:@anthropic-ai/sdk@0.87": "0.87.0",
    "npm:@types/node@^25.6.0": "25.6.0",
    "npm:openai@^6.34.0": "6.34.0"
  },
  "npm": {
    "@anthropic-ai/sdk@0.87.0": {
      "integrity": "sha512-ZvBWT5VkPTW6b8LIpugpuAkpcYPSLOXdWTcgQrpUqf4IeJ5ZrH5rT8sTsUDvxPCHAlRG3nF4VIWfjw6uLhJ18g==",
      "dependencies": [
        "json-schema-to-ts"
      ],
      "bin": true
    },
    "@babel/runtime@7.29.2": {
      "integrity": "sha512-JiDShH45zKHWyGe4ZNVRrCjBz8Nh9TMmZG1kh4QTK8hCBTWBi8Da+i7s1fJw7/lYpM4ccepSNfqzZ/QvABBi5g=="
    },
    "@types/node@25.6.0": {
      "integrity": "sha512-+qIYRKdNYJwY3vRCZMdJbPLJAtGjQBudzZzdzwQYkEPQd+PJGixUL5QfvCLDaULoLv+RhT3LDkwEfKaAkgSmNQ==",
      "dependencies": [
        "undici-types"
      ]
    },
    "json-schema-to-ts@3.1.1": {
      "integrity": "sha512-+DWg8jCJG2TEnpy7kOm/7/AxaYoaRbjVB4LFZLySZlWn8exGs3A4OLJR966cVvU26N7X9TWxl+Jsw7dzAqKT6g==",
      "dependencies": [
        "@babel/runtime",
        "ts-algebra"
      ]
    },
    "openai@6.34.0": {
      "integrity": "sha512-yEr2jdGf4tVFYG6ohmr3pF6VJuveP0EA/sS8TBx+4Eq5NT10alu5zg2dmxMXMgqpihRDQlFGpRt2XwsGj+Fyxw==",
      "bin": true
    },
    "ts-algebra@2.0.0": {
      "integrity": "sha512-FPAhNPFMrkwz76P7cdjdmiShwMynZYN6SgOujD1urY4oNm80Ou9oMdmbR45LotcKOXoy7wSmHkRFE6Mxbrhefw=="
    },
    "undici-types@7.19.2": {
      "integrity": "sha512-qYVnV5OEm2AW8cJMCpdV20CDyaN3g0AjDlOGf1OW4iaDEx8MwdtChUp4zu4H0VP3nDRF/8RKWH+IPp9uW0YGZg=="
    }
  },
  "workspace": {
    "packageJson": {
      "dependencies": [
        "npm:@anthropic-ai/sdk@0.87",
        "npm:@types/node@^25.6.0",
        "npm:openai@^6.34.0"
      ]
    }
  }
}
